{
  "name": "gatsby-starter-blog",
  "version": "1.0.0",
  "lockfileVersion": 1,
  "requires": true,
  "dependencies": {
    "babel-code-frame": {
      "version": "6.26.0",
      "resolved": "https://registry.npmjs.org/babel-code-frame/-/babel-code-frame-6.26.0.tgz",
      "integrity": "sha1-Y/1D99weO7fONZR9uP42mj9Yx0s=",
      "dependencies": {
        "chalk": {
          "version": "1.1.3",
          "resolved": "https://registry.npmjs.org/chalk/-/chalk-1.1.3.tgz",
          "integrity": "sha1-qBFcVeSnAv5NFQq9OHKCKn4J/Jg="
        },
        "strip-ansi": {
          "version": "3.0.1",
          "resolved": "https://registry.npmjs.org/strip-ansi/-/strip-ansi-3.0.1.tgz",
          "integrity": "sha1-ajhfuIU9lS1f8F0Oiq+UJ43GPc8="
        }
      }
    },
    "clipboard": {
      "version": "2.0.0",
      "resolved": "https://registry.npmjs.org/clipboard/-/clipboard-2.0.0.tgz",
      "integrity": "sha512-gXzHBlzEVqCk2b8Wpkil89S0WSMAX7eZho2zANX+EEEa9LMutGe9ICU+wHRzsH7cCHaCbUzj900P+AXOM0FE3A==",
      "optional": true
    },
    "cross-spawn": {
      "version": "6.0.5",
      "resolved": "https://registry.npmjs.org/cross-spawn/-/cross-spawn-6.0.5.tgz",
      "integrity": "sha512-eTVLrBSt7fjbDygz805pMnstIs2VTBNkRm0qxZd+M7A5XDdxVRWO5MxGBXZhjY4cqLYLdtrGqRf8mBPmzwSpWQ=="
    },
    "escape-string-regexp": {
      "version": "1.0.5",
      "resolved": "https://registry.npmjs.org/escape-string-regexp/-/escape-string-regexp-1.0.5.tgz",
      "integrity": "sha1-G2HAViGQqN/2rjuyzwIAyhMLhtQ="
    },
    "eslint": {
      "version": "4.19.1",
      "resolved": "https://registry.npmjs.org/eslint/-/eslint-4.19.1.tgz",
      "integrity": "sha512-bT3/1x1EbZB7phzYu7vCr1v3ONuzDtX8WjuM9c0iYxe+cq+pwcKEoQjl7zd3RpC6YOLgnSy3cTN58M2jcoPDIQ==",
      "dev": true
    },
    "eslint-plugin-react": {
      "version": "7.7.0",
      "resolved": "https://registry.npmjs.org/eslint-plugin-react/-/eslint-plugin-react-7.7.0.tgz",
      "integrity": "sha512-KC7Snr4YsWZD5flu6A5c0AcIZidzW3Exbqp7OT67OaD2AppJtlBr/GuPrW/vaQM/yfZotEvKAdrxrO+v8vwYJA==",
      "dev": true,
      "dependencies": {
        "core-js": {
          "version": "1.2.7",
          "resolved": "https://registry.npmjs.org/core-js/-/core-js-1.2.7.tgz",
          "integrity": "sha1-ZSKUwUZR2yj6k70tX/KYOk8IxjY="
        },
        "fbjs": {
          "version": "0.8.16",
          "resolved": "https://registry.npmjs.org/fbjs/-/fbjs-0.8.16.tgz",
          "integrity": "sha1-XmdDL1UNxBtXK/VYR7ispk5TN9s="
        },
        "prop-types": {
          "version": "15.6.0",
          "resolved": "https://registry.npmjs.org/prop-types/-/prop-types-15.6.0.tgz",
          "integrity": "sha1-zq8IMCL8RrSjX2nhPvda7Q1jmFY="
        }
      }
    },
    "gatsby": {
      "version": "1.9.250",
      "resolved": "https://registry.npmjs.org/gatsby/-/gatsby-1.9.250.tgz",
      "integrity": "sha1-4NJb+tapXkcsEJ232g9OOh4cKPQ=",
      "dependencies": {
        "chalk": {
          "version": "1.1.3",
          "resolved": "https://registry.npmjs.org/chalk/-/chalk-1.1.3.tgz",
          "integrity": "sha1-qBFcVeSnAv5NFQq9OHKCKn4J/Jg="
        },
        "debug": {
          "version": "2.6.9",
          "resolved": "https://registry.npmjs.org/debug/-/debug-2.6.9.tgz",
          "integrity": "sha512-bC7ElrdJaJnPbAP+1EotYvqZsb3ecl5wi6Bfi6BJTUcNowp6cvspg0jXznRTKDjm/E7AdgFBVeAPVMNcKGsHMA=="
        },
        "del": {
          "version": "3.0.0",
          "resolved": "https://registry.npmjs.org/del/-/del-3.0.0.tgz",
          "integrity": "sha1-U+z2mf/LyzljdpGrE7rxYIGXZuU="
        },
        "gatsby-cli": {
          "version": "1.1.50",
          "resolved": "https://registry.npmjs.org/gatsby-cli/-/gatsby-cli-1.1.50.tgz",
          "integrity": "sha1-iLke3NeYZufaxjXK0ypDodhkny8="
        },
        "strip-ansi": {
          "version": "3.0.1",
          "resolved": "https://registry.npmjs.org/strip-ansi/-/strip-ansi-3.0.1.tgz",
          "integrity": "sha1-ajhfuIU9lS1f8F0Oiq+UJ43GPc8="
        }
      }
    },
    "gatsby-link": {
      "version": "1.6.40",
      "resolved": "https://registry.npmjs.org/gatsby-link/-/gatsby-link-1.6.40.tgz",
      "integrity": "sha1-5gqys2RSx0ePE1mn8D9+D8Nc2Ec="
    },
    "gatsby-plugin-feed": {
      "version": "1.3.20",
      "resolved": "https://registry.npmjs.org/gatsby-plugin-feed/-/gatsby-plugin-feed-1.3.20.tgz",
      "integrity": "sha1-jddgmZwBFk/UFWDGsnahmGtb61M="
    },
    "gatsby-plugin-google-analytics": {
      "version": "1.0.29",
      "resolved": "https://registry.npmjs.org/gatsby-plugin-google-analytics/-/gatsby-plugin-google-analytics-1.0.29.tgz",
      "integrity": "sha1-ntG+s1X1mJWUwbUPPaPNJKkiu10="
    },
    "gatsby-plugin-offline": {
      "version": "1.0.15",
      "resolved": "https://registry.npmjs.org/gatsby-plugin-offline/-/gatsby-plugin-offline-1.0.15.tgz",
      "integrity": "sha1-Jq8OHRyO0MMfkrxqdUhLWDVQ71s="
    },
    "gatsby-plugin-react-helmet": {
      "version": "1.0.8",
      "resolved": "https://registry.npmjs.org/gatsby-plugin-react-helmet/-/gatsby-plugin-react-helmet-1.0.8.tgz",
      "integrity": "sha512-kkt+uvbu/fxb55z7URH6YBXGc2I80myannVPMmv0Mmrr3Ennmm4uTgrgTiTrkasyFN0AKGlXRuuHa2/zrc1TXA=="
    },
    "gatsby-plugin-sharp": {
      "version": "1.6.42",
      "resolved": "https://registry.npmjs.org/gatsby-plugin-sharp/-/gatsby-plugin-sharp-1.6.42.tgz",
      "integrity": "sha1-wskAyoD/KxnTxWuo3Psk+9Zk05c=",
      "dependencies": {
        "progress": {
          "version": "1.1.8",
          "resolved": "https://registry.npmjs.org/progress/-/progress-1.1.8.tgz",
          "integrity": "sha1-4mDHj2Fhzdmw5WzD4Khd4Xx6V74="
        }
      }
    },
    "gatsby-plugin-template": {
      "version": "0.2.0",
      "resolved": "https://registry.npmjs.org/gatsby-plugin-template/-/gatsby-plugin-template-0.2.0.tgz",
      "integrity": "sha512-yAKtjOK690FI696u9lWljXF9rhYuQ4/OPNEPHvWM5HguRBbaBiHP9Hdp2hmpccUOUkaASHx+exxxsJH8eaRuAQ=="
    },
    "gatsby-plugin-typography": {
      "version": "1.7.18",
      "resolved": "https://registry.npmjs.org/gatsby-plugin-typography/-/gatsby-plugin-typography-1.7.18.tgz",
      "integrity": "sha1-OR8wCvrkZdOqOE1mMM6d8XLro7g="
    },
    "gatsby-remark-copy-linked-files": {
      "version": "1.5.31",
      "resolved": "https://registry.npmjs.org/gatsby-remark-copy-linked-files/-/gatsby-remark-copy-linked-files-1.5.31.tgz",
      "integrity": "sha1-wkRJx1l6N/7P+rn7wGDHfsoZzDI=",
      "dependencies": {
        "cheerio": {
          "version": "1.0.0-rc.2",
          "resolved": "https://registry.npmjs.org/cheerio/-/cheerio-1.0.0-rc.2.tgz",
          "integrity": "sha1-S59TqBsn5NXawxwP/Qz6A8xoMNs="
        },
        "domhandler": {
          "version": "2.4.1",
          "resolved": "https://registry.npmjs.org/domhandler/-/domhandler-2.4.1.tgz",
          "integrity": "sha1-iS5HAAqZvlW783dP/qBWHYh5wlk="
        },
        "htmlparser2": {
          "version": "3.9.2",
          "resolved": "https://registry.npmjs.org/htmlparser2/-/htmlparser2-3.9.2.tgz",
          "integrity": "sha1-G9+HrMoPP55T+k/M6w9LTLsAszg="
        }
      }
    },
    "gatsby-remark-custom-blocks": {
      "version": "1.0.5",
      "resolved": "https://registry.npmjs.org/gatsby-remark-custom-blocks/-/gatsby-remark-custom-blocks-1.0.5.tgz",
      "integrity": "sha1-xWAcS+TU4yW9QdZWz3sYZwBwQ1s="
    },
    "gatsby-remark-images": {
      "version": "1.5.61",
      "resolved": "https://registry.npmjs.org/gatsby-remark-images/-/gatsby-remark-images-1.5.61.tgz",
      "integrity": "sha1-agWGT5q7zMofGrTh6IKyWsqu5bw=",
      "dependencies": {
        "cheerio": {
          "version": "1.0.0-rc.2",
          "resolved": "https://registry.npmjs.org/cheerio/-/cheerio-1.0.0-rc.2.tgz",
          "integrity": "sha1-S59TqBsn5NXawxwP/Qz6A8xoMNs="
        },
        "domhandler": {
          "version": "2.4.1",
          "resolved": "https://registry.npmjs.org/domhandler/-/domhandler-2.4.1.tgz",
          "integrity": "sha1-iS5HAAqZvlW783dP/qBWHYh5wlk="
        },
        "htmlparser2": {
          "version": "3.9.2",
          "resolved": "https://registry.npmjs.org/htmlparser2/-/htmlparser2-3.9.2.tgz",
          "integrity": "sha1-G9+HrMoPP55T+k/M6w9LTLsAszg="
        }
      }
    },
    "gatsby-remark-prismjs": {
      "version": "1.2.24",
      "resolved": "http://registry.npmjs.org/gatsby-remark-prismjs/-/gatsby-remark-prismjs-1.2.24.tgz",
      "integrity": "sha1-ssxOnE5xwI2Joy/YRyRPkn9Ke3k="
    },
    "gatsby-remark-responsive-iframe": {
      "version": "1.4.18",
      "resolved": "https://registry.npmjs.org/gatsby-remark-responsive-iframe/-/gatsby-remark-responsive-iframe-1.4.18.tgz",
      "integrity": "sha1-LI6xdMPbirdfh2muHTDFry4n3yI=",
      "dependencies": {
        "cheerio": {
          "version": "1.0.0-rc.2",
          "resolved": "https://registry.npmjs.org/cheerio/-/cheerio-1.0.0-rc.2.tgz",
          "integrity": "sha1-S59TqBsn5NXawxwP/Qz6A8xoMNs="
        },
        "domhandler": {
          "version": "2.4.1",
          "resolved": "https://registry.npmjs.org/domhandler/-/domhandler-2.4.1.tgz",
          "integrity": "sha1-iS5HAAqZvlW783dP/qBWHYh5wlk="
        },
        "htmlparser2": {
          "version": "3.9.2",
          "resolved": "https://registry.npmjs.org/htmlparser2/-/htmlparser2-3.9.2.tgz",
          "integrity": "sha1-G9+HrMoPP55T+k/M6w9LTLsAszg="
        }
      }
    },
    "gatsby-remark-smartypants": {
      "version": "1.4.12",
      "resolved": "https://registry.npmjs.org/gatsby-remark-smartypants/-/gatsby-remark-smartypants-1.4.12.tgz",
      "integrity": "sha1-14NRi4vwlDqnje9xf98um5+JNVI="
    },
    "gatsby-source-filesystem": {
      "version": "1.5.31",
      "resolved": "https://registry.npmjs.org/gatsby-source-filesystem/-/gatsby-source-filesystem-1.5.31.tgz",
      "integrity": "sha1-mEUATsjssUzy7nvEFAOmypUElRs=",
      "dependencies": {
        "got": {
          "version": "7.1.0",
          "resolved": "https://registry.npmjs.org/got/-/got-7.1.0.tgz",
          "integrity": "sha512-Y5WMo7xKKq1muPsxD+KmrR8DH5auG7fBdDVueZwETwV6VytKyU9OX/ddpq2/1hp1vIPvVb4T81dKQz3BivkNLw=="
        }
      }
    },
    "gatsby-transformer-remark": {
      "version": "1.7.44",
      "resolved": "https://registry.npmjs.org/gatsby-transformer-remark/-/gatsby-transformer-remark-1.7.44.tgz",
      "integrity": "sha1-abRfN3poSE0eqxPx/reSRCg3jOE=",
      "dependencies": {
        "unified": {
          "version": "6.2.0",
          "resolved": "https://registry.npmjs.org/unified/-/unified-6.2.0.tgz",
          "integrity": "sha512-1k+KPhlVtqmG99RaTbAv/usu85fcSRu3wY8X+vnsEhIxNP5VbVIDiXnLqyKIG+UMdyTg0ZX9EI6k2AfjJkHPtA=="
        }
      }
    },
    "gatsby-transformer-sharp": {
      "version": "1.6.22",
      "resolved": "https://registry.npmjs.org/gatsby-transformer-sharp/-/gatsby-transformer-sharp-1.6.22.tgz",
      "integrity": "sha1-EguvGV3PYPRSYEyE3wLQk2Le1CM="
    },
    "gh-pages": {
      "version": "1.1.0",
      "resolved": "https://registry.npmjs.org/gh-pages/-/gh-pages-1.1.0.tgz",
      "integrity": "sha512-ZpDkeOVmIrN5mz+sBWDz5zmTqcbNJzI/updCwEv/7rrSdpTNlj1B5GhBqG7f4Q8p5sJOdnBV0SIqxJrxtZQ9FA==",
      "dev": true,
      "dependencies": {
        "commander": {
          "version": "2.11.0",
          "resolved": "https://registry.npmjs.org/commander/-/commander-2.11.0.tgz",
          "integrity": "sha512-b0553uYA5YAEGgyYIGYROzKQ7X5RAqedkfjiZxwi0kL1g3bOaBNNZfYkzt/CL0umgD5wc9Jec2FbB98CjkMRvQ=="
        }
      }
    },
    "lodash": {
      "version": "4.17.5",
      "resolved": "https://registry.npmjs.org/lodash/-/lodash-4.17.5.tgz",
      "integrity": "sha512-svL3uiZf1RwhH+cWrfZn3A4+U58wbP0tGVTLQPbjplZxZ8ROD9VLuNgsRniTlLe7OlSqR79RUehXgpBW/s0IQw=="
    },
    "prettier": {
      "version": "1.12.0",
      "resolved": "https://registry.npmjs.org/prettier/-/prettier-1.12.0.tgz",
      "integrity": "sha512-Wz0SMncgaglBzDcohH3ZIAi4nVpzOIEweFzCOmgVEoRSeO72b4dcKGfgxoRGVMaFlh1r7dlVaJ+f3CIHfeH6xg==",
      "dev": true
    },
    "prismjs": {
      "version": "1.21.0",
      "resolved": "https://registry.npmjs.org/prismjs/-/prismjs-1.21.0.tgz",
      "integrity": "sha512-uGdSIu1nk3kej2iZsLyDoJ7e9bnPzIgY0naW/HdknGj61zScaprVEVGHrPoXqI+M9sP0NDnTK2jpkvmldpuqDw==",
      "requires": {
        "clipboard": "^2.0.0"
      }
    },
    "typeface-merriweather": {
      "version": "0.0.43",
      "resolved": "https://registry.npmjs.org/typeface-merriweather/-/typeface-merriweather-0.0.43.tgz",
      "integrity": "sha512-Oj6V+KabkcU9jKoDm6o4EnZMRodqNzBaKcRZ0/iY/eR6147+hfsiBAoFKOtAXvWPwc2TOtUYuKMSKaoih4Mrng=="
    },
    "typeface-montserrat": {
      "version": "0.0.43",
      "resolved": "https://registry.npmjs.org/typeface-montserrat/-/typeface-montserrat-0.0.43.tgz",
      "integrity": "sha512-lWyRVih5jJqZyOAj1+sCj8MijF+roNHrN11eD4fOGpj1dV7nS82kTnYVoz0TIGTu8/Arqw0eCytV1XdFe/i2aw=="
    },
    "typography-theme-wordpress-2016": {
      "version": "0.15.10",
      "resolved": "https://registry.npmjs.org/typography-theme-wordpress-2016/-/typography-theme-wordpress-2016-0.15.10.tgz",
      "integrity": "sha1-jxTwAq+TNDA7hYCTNYRV4C0zEx0="
    }
  }
}
